
Microsoft Visual Studio Solution File, Format Version 11.00
# Visual Studio 2010
Project("{FAE04EC0-301F-11D3-BF4B-00C04F79EFBC}") = "Unity.TeppichsBehaviorTree", "Unity.TeppichsBehaviorTree.csproj", "{d27c597a-d251-f2d8-732a-4045f3bf707d}"
EndProject
Project("{FAE04EC0-301F-11D3-BF4B-00C04F79EFBC}") = "Unity.TeppichsBehaviorTree.Tests", "Unity.TeppichsBehaviorTree.Tests.csproj", "{ba7f4e90-a5e5-07e0-3e6d-2da3645d27c7}"
EndProject
Project("{FAE04EC0-301F-11D3-BF4B-00C04F79EFBC}") = "Unity.TeppichsBehaviorTree.Editor.Tests", "Unity.TeppichsBehaviorTree.Editor.Tests.csproj", "{4b8054dc-645b-96b7-0c11-788d33b72b40}"
EndProject
Project("{FAE04EC0-301F-11D3-BF4B-00C04F79EFBC}") = "Unity.TeppichsBehaviorTree.Editor", "Unity.TeppichsBehaviorTree.Editor.csproj", "{324e94af-ac4b-746d-47c2-727550ddd1bf}"
EndProject
Global
	GlobalSection(SolutionConfigurationPlatforms) = preSolution
		Debug|Any CPU = Debug|Any CPU
	EndGlobalSection
	GlobalSection(ProjectConfigurationPlatforms) = postSolution
		{d27c597a-d251-f2d8-732a-4045f3bf707d}.Debug|Any CPU.ActiveCfg = Debug|Any CPU
		{d27c597a-d251-f2d8-732a-4045f3bf707d}.Debug|Any CPU.Build.0 = Debug|Any CPU
		{ba7f4e90-a5e5-07e0-3e6d-2da3645d27c7}.Debug|Any CPU.ActiveCfg = Debug|Any CPU
		{ba7f4e90-a5e5-07e0-3e6d-2da3645d27c7}.Debug|Any CPU.Build.0 = Debug|Any CPU
		{4b8054dc-645b-96b7-0c11-788d33b72b40}.Debug|Any CPU.ActiveCfg = Debug|Any CPU
		{4b8054dc-645b-96b7-0c11-788d33b72b40}.Debug|Any CPU.Build.0 = Debug|Any CPU
		{324e94af-ac4b-746d-47c2-727550ddd1bf}.Debug|Any CPU.ActiveCfg = Debug|Any CPU
		{324e94af-ac4b-746d-47c2-727550ddd1bf}.Debug|Any CPU.Build.0 = Debug|Any CPU
	EndGlobalSection
	GlobalSection(SolutionProperties) = preSolution
		HideSolutionNode = FALSE
	EndGlobalSection
EndGlobal
